
Microsoft Visual Studio Solution File, Format Version 12.00
# Visual Studio Version 16
VisualStudioVersion = 16.0.29613.14
MinimumVisualStudioVersion = 10.0.40219.1
Project("{9A19103F-16F7-4668-BE54-9A1E7A4F7556}") = "CQRS.Tests", "CQRS.Tests\CQRS.Tests.csproj", "{61215175-F00B-4538-A8F1-26F209B50143}"
EndProject
Project("{9A19103F-16F7-4668-BE54-9A1E7A4F7556}") = "CQRS.Application", "CQRS.Application\CQRS.Application.csproj", "{DE961CF1-077D-4C01-A77F-52A04752DA08}"
EndProject
Project("{9A19103F-16F7-4668-BE54-9A1E7A4F7556}") = "CQRS.Domain", "CQRS.Domain\CQRS.Domain.csproj", "{7E4CCF4F-40C6-498A-A4A9-035830DE5A4C}"
EndProject
Project("{9A19103F-16F7-4668-BE54-9A1E7A4F7556}") = "CQRS.ViewModel", "CQRS.ViewModel\CQRS.ViewModel.csproj", "{31515652-C274-48CF-9186-E6DAA0D38C86}"
EndProject
Global
	GlobalSection(SolutionConfigurationPlatforms) = preSolution
		Debug|Any CPU = Debug|Any CPU
		Release|Any CPU = Release|Any CPU
	EndGlobalSection
	GlobalSection(ProjectConfigurationPlatforms) = postSolution
		{61215175-F00B-4538-A8F1-26F209B50143}.Debug|Any CPU.ActiveCfg = Debug|Any CPU
		{61215175-F00B-4538-A8F1-26F209B50143}.Debug|Any CPU.Build.0 = Debug|Any CPU
		{61215175-F00B-4538-A8F1-26F209B50143}.Release|Any CPU.ActiveCfg = Release|Any CPU
		{61215175-F00B-4538-A8F1-26F209B50143}.Release|Any CPU.Build.0 = Release|Any CPU
		{DE961CF1-077D-4C01-A77F-52A04752DA08}.Debug|Any CPU.ActiveCfg = Debug|Any CPU
		{DE961CF1-077D-4C01-A77F-52A04752DA08}.Debug|Any CPU.Build.0 = Debug|Any CPU
		{DE961CF1-077D-4C01-A77F-52A04752DA08}.Release|Any CPU.ActiveCfg = Release|Any CPU
		{DE961CF1-077D-4C01-A77F-52A04752DA08}.Release|Any CPU.Build.0 = Release|Any CPU
		{7E4CCF4F-40C6-498A-A4A9-035830DE5A4C}.Debug|Any CPU.ActiveCfg = Debug|Any CPU
		{7E4CCF4F-40C6-498A-A4A9-035830DE5A4C}.Debug|Any CPU.Build.0 = Debug|Any CPU
		{7E4CCF4F-40C6-498A-A4A9-035830DE5A4C}.Release|Any CPU.ActiveCfg = Release|Any CPU
		{7E4CCF4F-40C6-498A-A4A9-035830DE5A4C}.Release|Any CPU.Build.0 = Release|Any CPU
		{31515652-C274-48CF-9186-E6DAA0D38C86}.Debug|Any CPU.ActiveCfg = Debug|Any CPU
		{31515652-C274-48CF-9186-E6DAA0D38C86}.Debug|Any CPU.Build.0 = Debug|Any CPU
		{31515652-C274-48CF-9186-E6DAA0D38C86}.Release|Any CPU.ActiveCfg = Release|Any CPU
		{31515652-C274-48CF-9186-E6DAA0D38C86}.Release|Any CPU.Build.0 = Release|Any CPU
	EndGlobalSection
	GlobalSection(SolutionProperties) = preSolution
		HideSolutionNode = FALSE
	EndGlobalSection
	GlobalSection(ExtensibilityGlobals) = postSolution
		SolutionGuid = {D29E38B0-50AB-43F3-80FC-BF451088F15F}
	EndGlobalSection
EndGlobal
